
Microsoft Visual Studio Solution File, Format Version 12.00
# Visual Studio Version 17
VisualStudioVersion = 17.5.002.0
MinimumVisualStudioVersion = 10.0.40219.1
Project("{9A19103F-16F7-4668-BE54-9A1E7A4F7556}") = "RestApi", "RestApi.csproj", "{0B48AEE3-48C7-4B2B-A436-87168367CEF3}"
EndProject
Global
	GlobalSection(SolutionConfigurationPlatforms) = preSolution
		Debug|Any CPU = Debug|Any CPU
		Release|Any CPU = Release|Any CPU
	EndGlobalSection
	GlobalSection(ProjectConfigurationPlatforms) = postSolution
		{0B48AEE3-48C7-4B2B-A436-87168367CEF3}.Debug|Any CPU.ActiveCfg = Debug|Any CPU
		{0B48AEE3-48C7-4B2B-A436-87168367CEF3}.Debug|Any CPU.Build.0 = Debug|Any CPU
		{0B48AEE3-48C7-4B2B-A436-87168367CEF3}.Release|Any CPU.ActiveCfg = Release|Any CPU
		{0B48AEE3-48C7-4B2B-A436-87168367CEF3}.Release|Any CPU.Build.0 = Release|Any CPU
	EndGlobalSection
	GlobalSection(SolutionProperties) = preSolution
		HideSolutionNode = FALSE
	EndGlobalSection
	GlobalSection(ExtensibilityGlobals) = postSolution
		SolutionGuid = {890CE736-A993-4F45-9811-442F165C2917}
	EndGlobalSection
EndGlobal
